
Microsoft Visual Studio Solution File, Format Version 12.00
# Visual Studio Version 17
VisualStudioVersion = 17.7.34018.315
MinimumVisualStudioVersion = 10.0.40219.1
Project("{FAE04EC0-301F-11D3-BF4B-00C04F79EFBC}") = "webkerneltest", "webkerneltest\webkerneltest.csproj", "{B71B9C41-6DDC-4A6A-8C6D-2D01375E4FBE}"
EndProject
Global
	GlobalSection(SolutionConfigurationPlatforms) = preSolution
		Debug|Any CPU = Debug|Any CPU
		Release|Any CPU = Release|Any CPU
	EndGlobalSection
	GlobalSection(ProjectConfigurationPlatforms) = postSolution
		{B71B9C41-6DDC-4A6A-8C6D-2D01375E4FBE}.Debug|Any CPU.ActiveCfg = Debug|Any CPU
		{B71B9C41-6DDC-4A6A-8C6D-2D01375E4FBE}.Debug|Any CPU.Build.0 = Debug|Any CPU
		{B71B9C41-6DDC-4A6A-8C6D-2D01375E4FBE}.Release|Any CPU.ActiveCfg = Release|Any CPU
		{B71B9C41-6DDC-4A6A-8C6D-2D01375E4FBE}.Release|Any CPU.Build.0 = Release|Any CPU
	EndGlobalSection
	GlobalSection(SolutionProperties) = preSolution
		HideSolutionNode = FALSE
	EndGlobalSection
	GlobalSection(ExtensibilityGlobals) = postSolution
		SolutionGuid = {1DD9CEEA-5F9B-4591-9888-393C9E5A6FFF}
	EndGlobalSection
EndGlobal
